org_name = "celleryio"
version = "0.3.1"
lockfile_version = "1.0.0"
ballerina_version = "1.0.0-alpha3"

[[imports]]
org_name = "celleryio"
name = "cellery"
version = "0.3.1"

[[imports.imports]]
org_name = "ballerina"
name = "io"
version = ""
imports = []

[[imports.imports]]
org_name = "ballerina"
name = "log"
version = ""
imports = []

[[imports.imports]]
org_name = "ballerina"
name = "config"
version = ""
imports = []

[[imports.imports]]
org_name = "ballerinax"
name = "java"
version = "0.0.0"
imports = []

[[imports]]
org_name = "ballerinax"
name = "java"
version = "0.0.0"
imports = []
